
Microsoft Visual Studio Solution File, Format Version 12.00
# Visual Studio Version 17
VisualStudioVersion = 17.6.33815.320
MinimumVisualStudioVersion = 10.0.40219.1
Project("{FAE04EC0-301F-11D3-BF4B-00C04F79EFBC}") = "Katmanlı ASP.NET MVC Web API MVC Projesi", "Katmanlı ASP.NET MVC Web API MVC Projesi\Katmanlı ASP.NET MVC Web API MVC Projesi.csproj", "{B9DEB987-193A-4C71-8B75-6B50C474F5D3}"
EndProject
Project("{FAE04EC0-301F-11D3-BF4B-00C04F79EFBC}") = "mvcproject", "mvcproject\mvcproject.csproj", "{369E2439-16D5-4ECA-9858-53B29D84E260}"
EndProject
Global
	GlobalSection(SolutionConfigurationPlatforms) = preSolution
		Debug|Any CPU = Debug|Any CPU
		Release|Any CPU = Release|Any CPU
	EndGlobalSection
	GlobalSection(ProjectConfigurationPlatforms) = postSolution
		{B9DEB987-193A-4C71-8B75-6B50C474F5D3}.Debug|Any CPU.ActiveCfg = Debug|Any CPU
		{B9DEB987-193A-4C71-8B75-6B50C474F5D3}.Debug|Any CPU.Build.0 = Debug|Any CPU
		{B9DEB987-193A-4C71-8B75-6B50C474F5D3}.Release|Any CPU.ActiveCfg = Release|Any CPU
		{B9DEB987-193A-4C71-8B75-6B50C474F5D3}.Release|Any CPU.Build.0 = Release|Any CPU
		{369E2439-16D5-4ECA-9858-53B29D84E260}.Debug|Any CPU.ActiveCfg = Debug|Any CPU
		{369E2439-16D5-4ECA-9858-53B29D84E260}.Debug|Any CPU.Build.0 = Debug|Any CPU
		{369E2439-16D5-4ECA-9858-53B29D84E260}.Release|Any CPU.ActiveCfg = Release|Any CPU
		{369E2439-16D5-4ECA-9858-53B29D84E260}.Release|Any CPU.Build.0 = Release|Any CPU
	EndGlobalSection
	GlobalSection(SolutionProperties) = preSolution
		HideSolutionNode = FALSE
	EndGlobalSection
	GlobalSection(ExtensibilityGlobals) = postSolution
		SolutionGuid = {359259A9-87D1-457E-B65A-1193B8B8FC39}
	EndGlobalSection
EndGlobal
